{
  "name": "lastrp",
  "version": "1.0.0",
  "lockfileVersion": 3,
  "requires": true,
  "packages": {
    "": {
      "name": "lastrp",
      "version": "1.0.0",
      "license": "ISC",
      "devDependencies": {
        "@ragempcommunity/types-client": "^2.1.9",
        "@ragempcommunity/types-server": "^2.1.9"
      }
    },
    "node_modules/@ragempcommunity/types-client": {
      "version": "2.1.9",
      "resolved": "https://registry.npmjs.org/@ragempcommunity/types-client/-/types-client-2.1.9.tgz",
      "integrity": "sha512-D6SdgzyyuHdQyVDSPVohII6EWbwmWTmOBynVU9BcIHxvtVbr82ZmQ+YzMVlihcEiOk/nt8aeWSzcrWdXXHkgeA==",
      "dev": true,
      "license": "MIT"
    },
    "node_modules/@ragempcommunity/types-server": {
      "version": "2.1.9",
      "resolved": "https://registry.npmjs.org/@ragempcommunity/types-server/-/types-server-2.1.9.tgz",
      "integrity": "sha512-J0aDQxzGBW3l8JniyDNZl17JJFXjjy59LHeQKjNgPk3kWpW/mOuPQ1L90euZFkAx0PPGT96IA3+bHq4zarNEmA==",
      "dev": true,
      "license": "MIT"
    }
  }
}
